// !$*UTF8*$!
{
	archiveVersion = 1;
	classes = {
	};
	objectVersion = 46;
	objects = {

/* Begin PBXBuildFile section */
		8417062A1A6C316200839192 /* AppDelegate.swift in Sources */ = {isa = PBXBuildFile; fileRef = 841706291A6C316200839192 /* AppDelegate.swift */; };
		8417062C1A6C316200839192 /* ViewController.swift in Sources */ = {isa = PBXBuildFile; fileRef = 8417062B1A6C316200839192 /* ViewController.swift */; };
		8417062F1A6C316200839192 /* Main.storyboard in Resources */ = {isa = PBXBuildFile; fileRef = 8417062D1A6C316200839192 /* Main.storyboard */; };
		841706311A6C316200839192 /* Images.xcassets in Resources */ = {isa = PBXBuildFile; fileRef = 841706301A6C316200839192 /* Images.xcassets */; };
		841706341A6C316200839192 /* LaunchScreen.xib in Resources */ = {isa = PBXBuildFile; fileRef = 841706321A6C316200839192 /* LaunchScreen.xib */; };
		841706401A6C316300839192 /* PostcardTests.swift in Sources */ = {isa = PBXBuildFile; fileRef = 8417063F1A6C316300839192 /* PostcardTests.swift */; };
		84246D5F1A72F6DF000CB5ED /* IMGP1078.JPG in Resources */ = {isa = PBXBuildFile; fileRef = 84246D5E1A72F6DF000CB5ED /* IMGP1078.JPG */; };
		84246D611A72F9C5000CB5ED /* Bibo-Briefmarke-1999.jpg in Resources */ = {isa = PBXBuildFile; fileRef = 84246D601A72F9C5000CB5ED /* Bibo-Briefmarke-1999.jpg */; };
/* End PBXBuildFile section */

/* Begin PBXContainerItemProxy section */
		8417063A1A6C316300839192 /* PBXContainerItemProxy */ = {
			isa = PBXContainerItemProxy;
			containerPortal = 8417061C1A6C316200839192 /* Project object */;
			proxyType = 1;
			remoteGlobalIDString = 841706231A6C316200839192;
			remoteInfo = Postcard;
		};
/* End PBXContainerItemProxy section */

/* Begin PBXFileReference section */
		841706241A6C316200839192 /* Postcard.app */ = {isa = PBXFileReference; explicitFileType = wrapper.application; includeInIndex = 0; path = Postcard.app; sourceTree = BUILT_PRODUCTS_DIR; };
		841706281A6C316200839192 /* Info.plist */ = {isa = PBXFileReference; lastKnownFileType = text.plist.xml; path = Info.plist; sourceTree = "<group>"; };
		841706291A6C316200839192 /* AppDelegate.swift */ = {isa = PBXFileReference; lastKnownFileType = sourcecode.swift; path = AppDelegate.swift; sourceTree = "<group>"; };
		8417062B1A6C316200839192 /* ViewController.swift */ = {isa = PBXFileReference; lastKnownFileType = sourcecode.swift; path = ViewController.swift; sourceTree = "<group>"; };
		8417062E1A6C316200839192 /* Base */ = {isa = PBXFileReference; lastKnownFileType = file.storyboard; name = Base; path = Base.lproj/Main.storyboard; sourceTree = "<group>"; };
		841706301A6C316200839192 /* Images.xcassets */ = {isa = PBXFileReference; lastKnownFileType = folder.assetcatalog; path = Images.xcassets; sourceTree = "<group>"; };
		841706331A6C316200839192 /* Base */ = {isa = PBXFileReference; lastKnownFileType = file.xib; name = Base; path = Base.lproj/LaunchScreen.xib; sourceTree = "<group>"; };
		841706391A6C316300839192 /* PostcardTests.xctest */ = {isa = PBXFileReference; explicitFileType = wrapper.cfbundle; includeInIndex = 0; path = PostcardTests.xctest; sourceTree = BUILT_PRODUCTS_DIR; };
		8417063E1A6C316300839192 /* Info.plist */ = {isa = PBXFileReference; lastKnownFileType = text.plist.xml; path = Info.plist; sourceTree = "<group>"; };
		8417063F1A6C316300839192 /* PostcardTests.swift */ = {isa = PBXFileReference; lastKnownFileType = sourcecode.swift; path = PostcardTests.swift; sourceTree = "<group>"; };
		84246D5E1A72F6DF000CB5ED /* IMGP1078.JPG */ = {isa = PBXFileReference; lastKnownFileType = image.jpeg; path = IMGP1078.JPG; sourceTree = "<group>"; };
		84246D601A72F9C5000CB5ED /* Bibo-Briefmarke-1999.jpg */ = {isa = PBXFileReference; lastKnownFileType = image.jpeg; path = "Bibo-Briefmarke-1999.jpg"; sourceTree = "<group>"; };
/* End PBXFileReference section */

/* Begin PBXFrameworksBuildPhase section */
		841706211A6C316200839192 /* Frameworks */ = {
			isa = PBXFrameworksBuildPhase;
			buildActionMask = 2147483647;
			files = (
			);
			runOnlyForDeploymentPostprocessing = 0;
		};
		841706361A6C316300839192 /* Frameworks */ = {
			isa = PBXFrameworksBuildPhase;
			buildActionMask = 2147483647;
			files = (
			);
			runOnlyForDeploymentPostprocessing = 0;
		};
/* End PBXFrameworksBuildPhase section */

/* Begin PBXGroup section */
		8417061B1A6C316200839192 = {
			isa = PBXGroup;
			children = (
				841706261A6C316200839192 /* Postcard */,
				8417063C1A6C316300839192 /* PostcardTests */,
				841706251A6C316200839192 /* Products */,
			);
			sourceTree = "<group>";
		};
		841706251A6C316200839192 /* Products */ = {
			isa = PBXGroup;
			children = (
				841706241A6C316200839192 /* Postcard.app */,
				841706391A6C316300839192 /* PostcardTests.xctest */,
			);
			name = Products;
			sourceTree = "<group>";
		};
		841706261A6C316200839192 /* Postcard */ = {
			isa = PBXGroup;
			children = (
				84246D601A72F9C5000CB5ED /* Bibo-Briefmarke-1999.jpg */,
				84246D5E1A72F6DF000CB5ED /* IMGP1078.JPG */,
				841706291A6C316200839192 /* AppDelegate.swift */,
				8417062B1A6C316200839192 /* ViewController.swift */,
				8417062D1A6C316200839192 /* Main.storyboard */,
				841706301A6C316200839192 /* Images.xcassets */,
				841706321A6C316200839192 /* LaunchScreen.xib */,
				841706271A6C316200839192 /* Supporting Files */,
			);
			path = Postcard;
			sourceTree = "<group>";
		};
		841706271A6C316200839192 /* Supporting Files */ = {
			isa = PBXGroup;
			children = (
				841706281A6C316200839192 /* Info.plist */,
			);
			name = "Supporting Files";
			sourceTree = "<group>";
		};
		8417063C1A6C316300839192 /* PostcardTests */ = {
			isa = PBXGroup;
			children = (
				8417063F1A6C316300839192 /* PostcardTests.swift */,
				8417063D1A6C316300839192 /* Supporting Files */,
			);
			path = PostcardTests;
			sourceTree = "<group>";
		};
		8417063D1A6C316300839192 /* Supporting Files */ = {
			isa = PBXGroup;
			children = (
				8417063E1A6C316300839192 /* Info.plist */,
			);
			name = "Supporting Files";
			sourceTree = "<group>";
		};
/* End PBXGroup section */

/* Begin PBXNativeTarget section */
		841706231A6C316200839192 /* Postcard */ = {
			isa = PBXNativeTarget;
			buildConfigurationList = 841706431A6C316300839192 /* Build configuration list for PBXNativeTarget "Postcard" */;
			buildPhases = (
				841706201A6C316200839192 /* Sources */,
				841706211A6C316200839192 /* Frameworks */,
				841706221A6C316200839192 /* Resources */,
			);
			buildRules = (
			);
			dependencies = (
			);
			name = Postcard;
			productName = Postcard;
			productReference = 841706241A6C316200839192 /* Postcard.app */;
			productType = "com.apple.product-type.application";
		};
		841706381A6C316300839192 /* PostcardTests */ = {
			isa = PBXNativeTarget;
			buildConfigurationList = 841706461A6C316300839192 /* Build configuration list for PBXNativeTarget "PostcardTests" */;
			buildPhases = (
				841706351A6C316300839192 /* Sources */,
				841706361A6C316300839192 /* Frameworks */,
				841706371A6C316300839192 /* Resources */,
			);
			buildRules = (
			);
			dependencies = (
				8417063B1A6C316300839192 /* PBXTargetDependency */,
			);
			name = PostcardTests;
			productName = PostcardTests;
			productReference = 841706391A6C316300839192 /* PostcardTests.xctest */;
			productType = "com.apple.product-type.bundle.unit-test";
		};
/* End PBXNativeTarget section */

/* Begin PBXProject section */
		8417061C1A6C316200839192 /* Project object */ = {
			isa = PBXProject;
			attributes = {
				LastUpgradeCheck = 0600;
				ORGANIZATIONNAME = "sirius development";
				TargetAttributes = {
					841706231A6C316200839192 = {
						CreatedOnToolsVersion = 6.0.1;
						DevelopmentTeam = PY5NGMRK3X;
					};
					841706381A6C316300839192 = {
						CreatedOnToolsVersion = 6.0.1;
						TestTargetID = 841706231A6C316200839192;
					};
				};
			};
			buildConfigurationList = 8417061F1A6C316200839192 /* Build configuration list for PBXProject "Postcard" */;
			compatibilityVersion = "Xcode 3.2";
			developmentRegion = English;
			hasScannedForEncodings = 0;
			knownRegions = (
				en,
				Base,
			);
			mainGroup = 8417061B1A6C316200839192;
			productRefGroup = 841706251A6C316200839192 /* Products */;
			projectDirPath = "";
			projectRoot = "";
			targets = (
				841706231A6C316200839192 /* Postcard */,
				841706381A6C316300839192 /* PostcardTests */,
			);
		};
/* End PBXProject section */

/* Begin PBXResourcesBuildPhase section */
		841706221A6C316200839192 /* Resources */ = {
			isa = PBXResourcesBuildPhase;
			buildActionMask = 2147483647;
			files = (
				84246D611A72F9C5000CB5ED /* Bibo-Briefmarke-1999.jpg in Resources */,
				84246D5F1A72F6DF000CB5ED /* IMGP1078.JPG in Resources */,
				8417062F1A6C316200839192 /* Main.storyboard in Resources */,
				841706341A6C316200839192 /* LaunchScreen.xib in Resources */,
				841706311A6C316200839192 /* Images.xcassets in Resources */,
			);
			runOnlyForDeploymentPostprocessing = 0;
		};
		841706371A6C316300839192 /* Resources */ = {
			isa = PBXResourcesBuildPhase;
			buildActionMask = 2147483647;
			files = (
			);
			runOnlyForDeploymentPostprocessing = 0;
		};
/* End PBXResourcesBuildPhase section */

/* Begin PBXSourcesBuildPhase section */
		841706201A6C316200839192 /* Sources */ = {
			isa = PBXSourcesBuildPhase;
			buildActionMask = 2147483647;
			files = (
				8417062C1A6C316200839192 /* ViewController.swift in Sources */,
				8417062A1A6C316200839192 /* AppDelegate.swift in Sources */,
			);
			runOnlyForDeploymentPostprocessing = 0;
		};
		841706351A6C316300839192 /* Sources */ = {
			isa = PBXSourcesBuildPhase;
			buildActionMask = 2147483647;
			files = (
				841706401A6C316300839192 /* PostcardTests.swift in Sources */,
			);
			runOnlyForDeploymentPostprocessing = 0;
		};
/* End PBXSourcesBuildPhase section */

/* Begin PBXTargetDependency section */
		8417063B1A6C316300839192 /* PBXTargetDependency */ = {
			isa = PBXTargetDependency;
			target = 841706231A6C316200839192 /* Postcard */;
			targetProxy = 8417063A1A6C316300839192 /* PBXContainerItemProxy */;
		};
/* End PBXTargetDependency section */

/* Begin PBXVariantGroup section */
		8417062D1A6C316200839192 /* Main.storyboard */ = {
			isa = PBXVariantGroup;
			children = (
				8417062E1A6C316200839192 /* Base */,
			);
			name = Main.storyboard;
			sourceTree = "<group>";
		};
		841706321A6C316200839192 /* LaunchScreen.xib */ = {
			isa = PBXVariantGroup;
			children = (
				841706331A6C316200839192 /* Base */,
			);
			name = LaunchScreen.xib;
			sourceTree = "<group>";
		};
/* End PBXVariantGroup section */

/* Begin XCBuildConfiguration section */
		841706411A6C316300839192 /* Debug */ = {
			isa = XCBuildConfiguration;
			buildSettings = {
				ALWAYS_SEARCH_USER_PATHS = NO;
				CLANG_CXX_LANGUAGE_STANDARD = "gnu++0x";
				CLANG_CXX_LIBRARY = "libc++";
				CLANG_ENABLE_MODULES = YES;
				CLANG_ENABLE_OBJC_ARC = YES;
				CLANG_WARN_BOOL_CONVERSION = YES;
				CLANG_WARN_CONSTANT_CONVERSION = YES;
				CLANG_WARN_DIRECT_OBJC_ISA_USAGE = YES_ERROR;
				CLANG_WARN_EMPTY_BODY = YES;
				CLANG_WARN_ENUM_CONVERSION = YES;
				CLANG_WARN_INT_CONVERSION = YES;
				CLANG_WARN_OBJC_ROOT_CLASS = YES_ERROR;
				CLANG_WARN_UNREACHABLE_CODE = YES;
				CLANG_WARN__DUPLICATE_METHOD_MATCH = YES;
				"CODE_SIGN_IDENTITY[sdk=iphoneos*]" = "iPhone Developer";
				COPY_PHASE_STRIP = NO;
				ENABLE_STRICT_OBJC_MSGSEND = YES;
				GCC_C_LANGUAGE_STANDARD = gnu99;
				GCC_DYNAMIC_NO_PIC = NO;
				GCC_OPTIMIZATION_LEVEL = 0;
				GCC_PREPROCESSOR_DEFINITIONS = (
					"DEBUG=1",
					"$(inherited)",
				);
				GCC_SYMBOLS_PRIVATE_EXTERN = NO;
				GCC_WARN_64_TO_32_BIT_CONVERSION = YES;
				GCC_WARN_ABOUT_RETURN_TYPE = YES_ERROR;
				GCC_WARN_UNDECLARED_SELECTOR = YES;
				GCC_WARN_UNINITIALIZED_AUTOS = YES_AGGRESSIVE;
				GCC_WARN_UNUSED_FUNCTION = YES;
				GCC_WARN_UNUSED_VARIABLE = YES;
				IPHONEOS_DEPLOYMENT_TARGET = 8.0;
				MTL_ENABLE_DEBUG_INFO = YES;
				ONLY_ACTIVE_ARCH = YES;
				SDKROOT = iphoneos;
				SWIFT_OPTIMIZATION_LEVEL = "-Onone";
				TARGETED_DEVICE_FAMILY = "1,2";
			};
			name = Debug;
		};
		841706421A6C316300839192 /* Release */ = {
			isa = XCBuildConfiguration;
			buildSettings = {
				ALWAYS_SEARCH_USER_PATHS = NO;
				CLANG_CXX_LANGUAGE_STANDARD = "gnu++0x";
				CLANG_CXX_LIBRARY = "libc++";
				CLANG_ENABLE_MODULES = YES;
				CLANG_ENABLE_OBJC_ARC = YES;
				CLANG_WARN_BOOL_CONVERSION = YES;
				CLANG_WARN_CONSTANT_CONVERSION = YES;
				CLANG_WARN_DIRECT_OBJC_ISA_USAGE = YES_ERROR;
				CLANG_WARN_EMPTY_BODY = YES;
				CLANG_WARN_ENUM_CONVERSION = YES;
				CLANG_WARN_INT_CONVERSION = YES;
				CLANG_WARN_OBJC_ROOT_CLASS = YES_ERROR;
				CLANG_WARN_UNREACHABLE_CODE = YES;
				CLANG_WARN__DUPLICATE_METHOD_MATCH = YES;
				"CODE_SIGN_IDENTITY[sdk=iphoneos*]" = "iPhone Developer";
				COPY_PHASE_STRIP = YES;
				ENABLE_NS_ASSERTIONS = NO;
				ENABLE_STRICT_OBJC_MSGSEND = YES;
				GCC_C_LANGUAGE_STANDARD = gnu99;
				GCC_WARN_64_TO_32_BIT_CONVERSION = YES;
				GCC_WARN_ABOUT_RETURN_TYPE = YES_ERROR;
				GCC_WARN_UNDECLARED_SELECTOR = YES;
				GCC_WARN_UNINITIALIZED_AUTOS = YES_AGGRESSIVE;
				GCC_WARN_UNUSED_FUNCTION = YES;
				GCC_WARN_UNUSED_VARIABLE = YES;
				IPHONEOS_DEPLOYMENT_TARGET = 8.0;
				MTL_ENABLE_DEBUG_INFO = NO;
				SDKROOT = iphoneos;
				TARGETED_DEVICE_FAMILY = "1,2";
				VALIDATE_PRODUCT = YES;
			};
			name = Release;
		};
		841706441A6C316300839192 /* Debug */ = {
			isa = XCBuildConfiguration;
			buildSettings = {
				ASSETCATALOG_COMPILER_APPICON_NAME = AppIcon;
				CODE_SIGN_IDENTITY = "iPhone Developer";
				INFOPLIST_FILE = Postcard/Info.plist;
				IPHONEOS_DEPLOYMENT_TARGET = 8.1;
				LD_RUNPATH_SEARCH_PATHS = "$(inherited) @executable_path/Frameworks";
				PRODUCT_NAME = "$(TARGET_NAME)";
			};
			name = Debug;
		};
		841706451A6C316300839192 /* Release */ = {
			isa = XCBuildConfiguration;
			buildSettings = {
				ASSETCATALOG_COMPILER_APPICON_NAME = AppIcon;
				CODE_SIGN_IDENTITY = "iPhone Developer";
				INFOPLIST_FILE = Postcard/Info.plist;
				IPHONEOS_DEPLOYMENT_TARGET = 8.1;
				LD_RUNPATH_SEARCH_PATHS = "$(inherited) @executable_path/Frameworks";
				PRODUCT_NAME = "$(TARGET_NAME)";
			};
			name = Release;
		};
		841706471A6C316300839192 /* Debug */ = {
			isa = XCBuildConfiguration;
			buildSettings = {
				BUNDLE_LOADER = "$(TEST_HOST)";
				FRAMEWORK_SEARCH_PATHS = (
					"$(SDKROOT)/Developer/Library/Frameworks",
					"$(inherited)",
				);
				GCC_PREPROCESSOR_DEFINITIONS = (
					"DEBUG=1",
					"$(inherited)",
				);
				INFOPLIST_FILE = PostcardTests/Info.plist;
				LD_RUNPATH_SEARCH_PATHS = "$(inherited) @executable_path/Frameworks @loader_path/Frameworks";
				PRODUCT_NAME = "$(TARGET_NAME)";
				TEST_HOST = "$(BUILT_PRODUCTS_DIR)/Postcard.app/Postcard";
			};
			name = Debug;
		};
		841706481A6C316300839192 /* Release */ = {
			isa = XCBuildConfiguration;
			buildSettings = {
				BUNDLE_LOADER = "$(TEST_HOST)";
				FRAMEWORK_SEARCH_PATHS = (
					"$(SDKROOT)/Developer/Library/Frameworks",
					"$(inherited)",
				);
				INFOPLIST_FILE = PostcardTests/Info.plist;
				LD_RUNPATH_SEARCH_PATHS = "$(inherited) @executable_path/Frameworks @loader_path/Frameworks";
				PRODUCT_NAME = "$(TARGET_NAME)";
				TEST_HOST = "$(BUILT_PRODUCTS_DIR)/Postcard.app/Postcard";
			};
			name = Release;
		};
/* End XCBuildConfiguration section */

/* Begin XCConfigurationList section */
		8417061F1A6C316200839192 /* Build configuration list for PBXProject "Postcard" */ = {
			isa = XCConfigurationList;
			buildConfigurations = (
				841706411A6C316300839192 /* Debug */,
				841706421A6C316300839192 /* Release */,
			);
			defaultConfigurationIsVisible = 0;
			defaultConfigurationName = Release;
		};
		841706431A6C316300839192 /* Build configuration list for PBXNativeTarget "Postcard" */ = {
			isa = XCConfigurationList;
			buildConfigurations = (
				841706441A6C316300839192 /* Debug */,
				841706451A6C316300839192 /* Release */,
			);
			defaultConfigurationIsVisible = 0;
			defaultConfigurationName = Release;
		};
		841706461A6C316300839192 /* Build configuration list for PBXNativeTarget "PostcardTests" */ = {
			isa = XCConfigurationList;
			buildConfigurations = (
				841706471A6C316300839192 /* Debug */,
				841706481A6C316300839192 /* Release */,
			);
			defaultConfigurationIsVisible = 0;
			defaultConfigurationName = Release;
		};
/* End XCConfigurationList section */
	};
	rootObject = 8417061C1A6C316200839192 /* Project object */;
}
